{
    "_meta": {
        "hash": {
            "sha256": "cdaadedd3142e15afd418bbef0068a3247823d08871679112e1d864a3da92195"
        },
        "pipfile-spec": 6,
        "requires": {
            "python_version": "3.11"
        },
        "sources": [
            {
                "name": "pypi",
                "url": "https://pypi.org/simple",
                "verify_ssl": true
            }
        ]
    },
    "default": {
        "pyzstd": {
            "hashes": [
                "sha256:01354ca9199bde11326fc8ab5b2614ce79f49665e99e94ce2ad54d39156ee68b",
                "sha256:01f26a84116ad89fd9100eed4b0ffff7b5416c0eefadb5c1eb1a90ad54e7b522",
                "sha256:04c0d75211f819426e6947866844e557f8a77f0aac32fb081b93e659ca2627a6",
                "sha256:0b64ec68788ed7545b7e884d7bb9c1734954e85cd0ef59c5a1a9a8f12a5989cd",
                "sha256:0bc16b1a68ef18b97e878de3f225981638bd60ff38be05f922eaf4d73294d55b",
                "sha256:0de398e047f88d8db75494d8d6f3f1ade920e5facfe50abd9d8598790ecbd1d3",
                "sha256:0f0f2f5fc0b5231171314ec23b2f428938216758a67870a77d3b25504da9ac06",
                "sha256:1160fc6b4ef5083734105856d872b06fe17ab49d71c45e5353655547f40ba17d",
                "sha256:13084b59215718b662146f8270653140d2966afda2afbfd59737a862b31e7531",
                "sha256:142f32cf19a656d57a32935f4e70054620c3037c8e99766989ed286a1bd478bc",
                "sha256:1b376cab16eeb74c31bd08308f78eaebd5687dc4b5793713b656eb2d3821274f",
                "sha256:1cbd8b043522c211486f3fc95279b9701c256e4e6501ade188edd539191307c0",
                "sha256:1d3b72d78e48a94123639fc9c23af2725cc957e42ac25737be768d72a85c2f5d",
                "sha256:1f3f998632c5cc3fbadf152b1f935ac9531dbc204a95c9011b54ace4e61e9905",
                "sha256:210a60ead095477be2e72bd87656406a14bc48f28b3e32704c9fbd67715ab312",
                "sha256:24a13e6f7cc9b05ca0367b8bcf3dded4ef3c43d022d955d6862898c7014dd74a",
                "sha256:25871c9f87d35fd28f2543c1ee197d8093f16d432d9ade613ee224bcf07e515d",
                "sha256:25d91f35ee5dd2f50f2f5f29558aef65a13f2b19e2cff632cd79570494ed8a20",
                "sha256:25fc35b35a1d949abe74a72d8adbf1571fba3a316b634c9cbfabe58ed78b9017",
                "sha256:28e500a1ce23486383090ff87d58dae1e900725a3730ec1d17db9c5d4f393638",
                "sha256:2f2846ad7855cfb7afab755df0e49936c107b36b4dbe32583eeb7fe74e8ce26b",
                "sha256:32df8e68fcfae91d24af0c56e4369f202891aba23f7f2ce9a89984240dfa06be",
                "sha256:34c18d3cf98cdefe9133141b5fda7a851bb283806c79f5b0b02ff3dac81646b7",
                "sha256:38f8d37ed0ff92f380780974a52823997ed5a1b1772e964f51fe00db4a4a2614",
                "sha256:392bc9fb4b3b49784fb29f5f768f4258fb5ad4120b64d6a5fe07637afbba7593",
                "sha256:3a6fe1475a2f1a62904b07c0feb374d73f626568f17fb1fa8a26abbbe35e927c",
                "sha256:3c32aeaea2402a890561a7ca3d70e7d744f92b8011f9c5fe591679fc9aa6fc0b",
                "sha256:3f4ff26393505a42968ee01fa795bb3a7c6526ab965526f175ebbbbdc20c0637",
                "sha256:40cbbf7bf296db6615c733e317a3c93f55d07e1f54740804a029b5ce8dc854f5",
                "sha256:4be6e57b35072ba1174bfe1517b460eccc61208af9982ca91203ac271e5c5f5b",
                "sha256:4cd47c06cc8db7526a7a1866703184fe729762966456bdebcffcbb810ccbb406",
                "sha256:4cebbdccf01c17583d1632e175a47b431424e8c2448748cf7328d68caadd6388",
                "sha256:4d31bb3c506f7447918c19f5872b94e22d47ec834958e512bb149f2ff883831a",
                "sha256:5167ceb6297e04e4826f6ade48cb1d555a57c363b1ef54d2bf57571f5838be60",
                "sha256:51a12297fe6e106e6cd2c481fd4788a6778ea95bd69375475a8ebe5431588c5f",
                "sha256:51de7975478293db65d1c86662b3df4c2097360c1ef2c8ae630327413a354293",
                "sha256:53258f6cd1b2c119ae2a62ac10a66afb79e994cf36ca92ebcbd374a3e87bbff9",
                "sha256:5933cbab5ce1ece470393a200745bd1d9830be5a712e0558245c83a5bed76a64",
                "sha256:5b34f8b0ba14c1bbd50f4db79d4dca640c76358beb111cefbb4170a639ebf88d",
                "sha256:5b4e70162730fe5210940f31f351a12a49ab5a822ec966787a8a1088aff139c9",
                "sha256:5c0bf6564f97a37c703e3871a248f756c3d2c050f8ff42a08170dd287a800f5d",
                "sha256:5f14cf87a318dea7b79f74d6b804c23382475d723cb9f352d0ec19d1081f6970",
                "sha256:60f1d6ff37082f212cad2b96c66a40d8384dd2f0d5f0d89dfdd1228b23912021",
                "sha256:660a9f60d89e18bc51f5dfab68e661048d1942135853ea82df41690efdc73fcc",
                "sha256:66b5b5d705ff7a06f480f485f0bafff7da988c3094d6e948c9e291e85af4fdaf",
                "sha256:671d66d3565413c42ce073885259b3141aeca3bcc41a9a876707198f43d002de",
                "sha256:6f6cfce751ff2fc7a37f36ad5330baf87c65387e4a9fc9a2ae30510932f5fa61",
                "sha256:73dd032b67fd529574aab125863c0852a4dc10019c84cb623f61a7ff94cf21d2",
                "sha256:74e761e83d0157a575acf8271629dd98d8345509d33f06672ae282337aad4556",
                "sha256:758ce442d64ebbb7f0246de9cfb7e0c4c7730aef94a52a099fd395f62211d93f",
                "sha256:7a26781f36b5be56f9cb4ffcbb83677d69b33acbc690702897a8242e83cfd049",
                "sha256:7aeea85917687c1111fe5c6d56a7f78436cacc7166b1e691df235c26d000993b",
                "sha256:7bb99cb33df1d355bdd521183fedb2829c029311396fb79cebc6c22b2198fb62",
                "sha256:7c38e0f513411a4a8b1a677c6c5d417d924fbed22140b0f009ad4b00b2d66e7f",
                "sha256:7ccbaf780d7b435e720d65eeaae1b29216a34b7f2c46c161b7b34740bd20bfb4",
                "sha256:849e3b2daa6191d1c58b048a78d2ff9e1587acba36115b525dbdbda6241d3e49",
                "sha256:84ae144fd05c856bd56498e7bd83f55f999e51dffd7346142676fd64be28c330",
                "sha256:8f59c2a2112d4101a02e2ca850fa0235967b4317c741c4cd8d169a54f958c5c4",
                "sha256:962b1aeb84b976782418db938cf6f34ee096b7d5b9b37ab40465e02d9ee17ff6",
                "sha256:a4619c44b7d23d861c617adb52d108abc2b9b922f19d90da84373ef6f1e4a6ad",
                "sha256:a7ced3fb5f7c5daee460d59a2bfabe3d916630c00ed91888a3e243f5707eac91",
                "sha256:a7d7bcd3d797386a428a0f83df9e99339a847addc0c73eceec8d6aef8e3b766c",
                "sha256:aa73826369e4a8276a67ebbb0890e0b2f5dd8e88da3cfc1b62494899136c47ab",
                "sha256:aae53105a021177c3b658a236a58fdd7c3ffb0ee0ccaa75e3454fefd3029f88e",
                "sha256:ad709f6126d0c561fbe6f0afeea16ce1273496706e1a5995f86d2b65279c6eed",
                "sha256:adc9cbec9fb01ff74dea3f39e886ab91bb2e22f9890cd5ff2c5ce58a7c2c87db",
                "sha256:ae2fd2823fcd4a2ff479ee02cdba7f20d1bc9705c701e0b7b37a199cc36c76f2",
                "sha256:b1d3d8453cea0688d8aaf776ad6ce39154abd8c4e1d480b53b5c928501314a97",
                "sha256:b4ab50c98794725372223268c9877f675e79169f61c32f7e4c78f9ecf41ac5ff",
                "sha256:b95612d2ebdf9540129537e18fad2f42f180808ce9659e84c59690beaff94d61",
                "sha256:b95753a8e9c077c7cec745cad5b40dc7f2bb61d53a4f284f25db7f998e98ea7b",
                "sha256:ba5264d7dc1951c0955011afde1afbeb7a0a10d6312635bcce85e1538b7ccfe7",
                "sha256:bb65e48af5beaefd7dc760382d2701e86dd23c85e2e9c2b82767b0adc7e5e585",
                "sha256:bbf977bffa81955a48a2de5a10c0c64a3499265b9265bb2a46b716e2589ccfbf",
                "sha256:bf415def84c694fe3c4d974292b244af8e05b66fe79ae16af84279699754a795",
                "sha256:bf672fa580e0cb275bc8547ea689b6c0f5427a5d1bbbb24a98148c95f8080b86",
                "sha256:c075f2794c9de95833fe99ac51c98261012e7ebbc49866e3104839b36be6cbac",
                "sha256:c3acd27eacfd59780bc791d5cbe5ad07fb96b11c61b5a115772a6c336b418c95",
                "sha256:c4d2d0040cfddc23de8e89889b9d4d8bb3a64560c4b4da965baae2bcbaf0afc2",
                "sha256:c59ab8541e8de74449a4fa9f7f72d002c7e17dea81232cc99f8a93f8f4df5eba",
                "sha256:c8c95fdab7196b54177ed142232cddd09dca7e97d0e7f9cada8851470a04f62e",
                "sha256:ca9de101cc380d2bc9780d1ea1c77b28213dca443df4bf47ad1d9c0c27d37ba3",
                "sha256:cc39425411a4a927b60d468e590b7f3cbce032d2c89113a3048894518604a60e",
                "sha256:cf45c360c05a3089f7286cbf8bd277c3d97f186103d1bd60619b5d9d1dcb61cd",
                "sha256:cfd5fdeb5453318d7273d7581be8fef671ca4dd8e959b8a78ed78f1adafd4ab1",
                "sha256:d000a1e2a2dd15c6abcf99971f0d351e4e075b6b6e4c9cfd8111b84e5ead40d1",
                "sha256:d6570fdf5d1ba7b8413c4829373a0c767409d8f0b13ebc81fe4f1f15d69554eb",
                "sha256:d7642d6351dc7fd3297dd1e69273b48337046a09155667deaa4d0198fb458243",
                "sha256:d8af23aed81a6d61f8f252529e54c675df99f02e0d6cb0007511ec90e1231f54",
                "sha256:d99e3cc6f4f9bfce0aeaefe3c055ae26e34f29334e17bd242c4e90dade1de401",
                "sha256:dc0521c7b99ee4dbd76fb103dec2d28c65d9c90f0bbedcf44167d41aa63b77f9",
                "sha256:dc54e1ee6993e23f899398a227c614f1dde3fcfd08a3db955a2f87145da0db37",
                "sha256:df9b2c58bb501547b33f3b901911246c7571a34b93117ea29d4d6f70d89c26dd",
                "sha256:e3f08c40b20b3180ed6fada017dcc2a9275abe1e7af9bcbba01c6832384908ec",
                "sha256:e70fd975fa3ae2e68cec68a33c60bd1836fbed6c9ba9826c05adb12e95563b2e",
                "sha256:ef52c6219124c92902e7f08e578a29e82435f5289785c051924c80aa333d5a85",
                "sha256:f3c25c71c8e4156ff644d0347fb0030f98648d8b826c176605e36632da6d006b",
                "sha256:f416e9f023a5be6f94e85589dfff70c16b3be2f7913631a944c414195615d60a",
                "sha256:f522bf4e4c433acbc9f88e9f757fd30655e8bded97bff35d078ac6fe768e22f5",
                "sha256:f678338dfe0fb86fedcd54263838e61a6c83c55f13322ea5488ef4717682ec6e",
                "sha256:f75c59b8216b13b5d0a844e112b225605f149e41a087610ac59725dea750a93b",
                "sha256:f9186459508b8b3a6944ecc0016bf6d8d9bbc11d34bad17b425f9dc1462a14de",
                "sha256:f94f51f2793e540af45bfbcd69ce1ebb9da0453546533d49af246db4b9a56a50",
                "sha256:fd61c72b07406f06a44796e2615e90e99c7d49370d8bcfedb32c95cfbb784c17",
                "sha256:fd69e7dc2a0dfbf6d1a3f2fa94089902be88b55559a1f6dd16e5c922dfc7b845"
            ],
            "index": "pypi",
            "version": "==0.15.8"
        }
    },
    "develop": {}
}
